
Microsoft Visual Studio Solution File, Format Version 12.00
# Visual Studio Version 16
VisualStudioVersion = 16.0.31729.503
MinimumVisualStudioVersion = 10.0.40219.1
Project("{9A19103F-16F7-4668-BE54-9A1E7A4F7556}") = "NDBadge", "NDBadge\NDBadge.csproj", "{9DCB4325-0710-46FF-937E-2ABF12000986}"
EndProject
Project("{FAE04EC0-301F-11D3-BF4B-00C04F79EFBC}") = "NDBadge.Tests", "NDBadge.Tests\NDBadge.Tests.csproj", "{2D3701C7-499E-47D7-8274-A812974EE969}"
EndProject
Global
	GlobalSection(SolutionConfigurationPlatforms) = preSolution
		Debug|Any CPU = Debug|Any CPU
		Release|Any CPU = Release|Any CPU
	EndGlobalSection
	GlobalSection(ProjectConfigurationPlatforms) = postSolution
		{9DCB4325-0710-46FF-937E-2ABF12000986}.Debug|Any CPU.ActiveCfg = Debug|Any CPU
		{9DCB4325-0710-46FF-937E-2ABF12000986}.Debug|Any CPU.Build.0 = Debug|Any CPU
		{9DCB4325-0710-46FF-937E-2ABF12000986}.Release|Any CPU.ActiveCfg = Release|Any CPU
		{9DCB4325-0710-46FF-937E-2ABF12000986}.Release|Any CPU.Build.0 = Release|Any CPU
		{2D3701C7-499E-47D7-8274-A812974EE969}.Debug|Any CPU.ActiveCfg = Debug|Any CPU
		{2D3701C7-499E-47D7-8274-A812974EE969}.Debug|Any CPU.Build.0 = Debug|Any CPU
		{2D3701C7-499E-47D7-8274-A812974EE969}.Release|Any CPU.ActiveCfg = Release|Any CPU
		{2D3701C7-499E-47D7-8274-A812974EE969}.Release|Any CPU.Build.0 = Release|Any CPU
	EndGlobalSection
	GlobalSection(SolutionProperties) = preSolution
		HideSolutionNode = FALSE
	EndGlobalSection
	GlobalSection(ExtensibilityGlobals) = postSolution
		SolutionGuid = {654C3720-BE62-4F6B-9A5C-9B4B8CD0150E}
	EndGlobalSection
EndGlobal
